{
  "nodes": {
    "brew-src": {
      "flake": false,
      "locked": {
        "lastModified": 1748658199,
        "narHash": "sha256-xmI9Bk8zDWgmvJlPpeHZk9yHCZPG5uxZH9VmdEdWCkU=",
        "owner": "Homebrew",
        "repo": "brew",
        "rev": "54c8b127ea2263fbbaf1354e3d8d86025e387ea6",
        "type": "github"
      },
      "original": {
        "owner": "Homebrew",
        "ref": "4.5.4",
        "repo": "brew",
        "type": "github"
      }
    },
    "comma": {
      "flake": false,
      "locked": {
        "lastModified": 1742411560,
        "narHash": "sha256-a793QMuHjVB8YB8q595rlnXqlOHbuiI7ybbrB6kuJbw=",
        "owner": "Shopify",
        "repo": "comma",
        "rev": "650c41b59b4ab16327ad0cdb995c3857b9583987",
        "type": "github"
      },
      "original": {
        "owner": "Shopify",
        "repo": "comma",
        "type": "github"
      }
    },
    "darwin": {
      "inputs": {
        "nixpkgs": [
          "nixpkgs"
        ]
      },
      "locked": {
        "lastModified": 1748373722,
        "narHash": "sha256-qi6aDGP2W6GyAUNEhg+slQWEpUiJ8LNIrQkmxHpzadI=",
        "owner": "lnl7",
        "repo": "nix-darwin",
        "rev": "75b99daa12b1fffd646d6c3cf13b06f1fa5cef63",
        "type": "github"
      },
      "original": {
        "owner": "lnl7",
        "ref": "nix-darwin-25.05",
        "repo": "nix-darwin",
        "type": "github"
      }
    },
    "flake-utils": {
      "inputs": {
        "systems": "systems"
      },
      "locked": {
        "lastModified": 1731533236,
        "narHash": "sha256-l0KFg5HjrsfsO/JpG+r7fRrqm12kzFHyUHqHCVpMMbI=",
        "owner": "numtide",
        "repo": "flake-utils",
        "rev": "11707dc2f618dd54ca8739b309ec4fc024de578b",
        "type": "github"
      },
      "original": {
        "owner": "numtide",
        "repo": "flake-utils",
        "type": "github"
      }
    },
    "home-manager": {
      "inputs": {
        "nixpkgs": [
          "nixpkgs"
        ]
      },
      "locked": {
        "lastModified": 1748665073,
        "narHash": "sha256-RMhjnPKWtCoIIHiuR9QKD7xfsKb3agxzMfJY8V9MOew=",
        "owner": "nix-community",
        "repo": "home-manager",
        "rev": "282e1e029cb6ab4811114fc85110613d72771dea",
        "type": "github"
      },
      "original": {
        "owner": "nix-community",
        "ref": "release-25.05",
        "repo": "home-manager",
        "type": "github"
      }
    },
    "homebrew-bufbuild": {
      "flake": false,
      "locked": {
        "lastModified": 1747075818,
        "narHash": "sha256-s6GNg5aynWXN2w+gVD+cKuKy4vNAKZs0p2wkYeOy9G4=",
        "owner": "bufbuild",
        "repo": "homebrew-buf",
        "rev": "db62f2d1b8148afe1d26d7f08bbc0268cd738abd",
        "type": "github"
      },
      "original": {
        "owner": "bufbuild",
        "repo": "homebrew-buf",
        "type": "github"
      }
    },
    "homebrew-bundle": {
      "flake": false,
      "locked": {
        "lastModified": 1745335228,
        "narHash": "sha256-TIKR2UgtyUmHLNZp255/vLs+1I10hXe+sciMEbAGFwE=",
        "owner": "homebrew",
        "repo": "homebrew-bundle",
        "rev": "a3265c84b232e13048ecbf6fc18a2eedfadbeb08",
        "type": "github"
      },
      "original": {
        "owner": "homebrew",
        "repo": "homebrew-bundle",
        "type": "github"
      }
    },
    "homebrew-cask": {
      "flake": false,
      "locked": {
        "lastModified": 1749055782,
        "narHash": "sha256-yYhNV8TlmRDbXtLUSnEzOj29eiHjpJrsNvrv8X/5yzo=",
        "owner": "homebrew",
        "repo": "homebrew-cask",
        "rev": "4a7c0e13120b16ae1ee02323ea9843fd967f31b7",
        "type": "github"
      },
      "original": {
        "owner": "homebrew",
        "repo": "homebrew-cask",
        "type": "github"
      }
    },
    "homebrew-cocroach": {
      "flake": false,
      "locked": {
        "lastModified": 1748873002,
        "narHash": "sha256-9qu3z5S01S5eSSbVUv//Osa5//WEKY+B0voWlS/m6KM=",
        "owner": "cockroachdb",
        "repo": "homebrew-tap",
        "rev": "77823158743a19ad0efd7b8f5c609a218163dd6b",
        "type": "github"
      },
      "original": {
        "owner": "cockroachdb",
        "repo": "homebrew-tap",
        "type": "github"
      }
    },
    "homebrew-core": {
      "flake": false,
      "locked": {
        "lastModified": 1749055899,
        "narHash": "sha256-DM4rxXCtJemF/9nm5szcUtjrJRnYwVWwbbigzuGExgo=",
        "owner": "homebrew",
        "repo": "homebrew-core",
        "rev": "44179820db70c33ce6215a680f8fc3b98aa48cf6",
        "type": "github"
      },
      "original": {
        "owner": "homebrew",
        "repo": "homebrew-core",
        "type": "github"
      }
    },
    "homebrew-hashicorp": {
      "flake": false,
      "locked": {
        "lastModified": 1748945282,
        "narHash": "sha256-5yZ5bNLON9zZ79/Sxj4Rbgz5Y9DAaLh+KmV9Y/+kiI0=",
        "owner": "hashicorp",
        "repo": "homebrew-tap",
        "rev": "4e728c9c86d0a23dd0ef62d80c903912ec655629",
        "type": "github"
      },
      "original": {
        "owner": "hashicorp",
        "repo": "homebrew-tap",
        "type": "github"
      }
    },
    "nix-homebrew": {
      "inputs": {
        "brew-src": "brew-src"
      },
      "locked": {
        "lastModified": 1748885738,
        "narHash": "sha256-fsOHwWowjhajWL5zsWiN5SdeKPNQa0RD3+sQUoH5VgQ=",
        "ref": "refs/heads/main",
        "rev": "29fe08d458f227200a62e38f5d5eafe625d7fda3",
        "revCount": 95,
        "type": "git",
        "url": "https://github.com/zhaofengli/nix-homebrew"
      },
      "original": {
        "type": "git",
        "url": "https://github.com/zhaofengli/nix-homebrew"
      }
    },
    "nix-vscode-extensions": {
      "inputs": {
        "flake-utils": "flake-utils",
        "nixpkgs": "nixpkgs"
      },
      "locked": {
        "lastModified": 1749002682,
        "narHash": "sha256-v9K6RyPF/+4r/YJhjEH8y07VWE6Vj7Vl88E/K5m/uJ0=",
        "owner": "nix-community",
        "repo": "nix-vscode-extensions",
        "rev": "46eb9c16d8ccfedf8bc648be03f9b2993fe3c994",
        "type": "github"
      },
      "original": {
        "owner": "nix-community",
        "repo": "nix-vscode-extensions",
        "type": "github"
      }
    },
    "nixpkgs": {
      "locked": {
        "lastModified": 1744868846,
        "narHash": "sha256-5RJTdUHDmj12Qsv7XOhuospjAjATNiTMElplWnJE9Hs=",
        "owner": "NixOS",
        "repo": "nixpkgs",
        "rev": "ebe4301cbd8f81c4f8d3244b3632338bbeb6d49c",
        "type": "github"
      },
      "original": {
        "owner": "NixOS",
        "repo": "nixpkgs",
        "rev": "ebe4301cbd8f81c4f8d3244b3632338bbeb6d49c",
        "type": "github"
      }
    },
    "nixpkgs-unstable": {
      "locked": {
        "lastModified": 1748856973,
        "narHash": "sha256-RlTsJUvvr8ErjPBsiwrGbbHYW8XbB/oek0Gi78XdWKg=",
        "owner": "NixOS",
        "repo": "nixpkgs",
        "rev": "e4b09e47ace7d87de083786b404bf232eb6c89d8",
        "type": "github"
      },
      "original": {
        "owner": "NixOS",
        "ref": "nixpkgs-unstable",
        "repo": "nixpkgs",
        "type": "github"
      }
    },
    "nixpkgs_2": {
      "locked": {
        "lastModified": 1748852332,
        "narHash": "sha256-r/wVJWmLYEqvrJKnL48r90Wn9HWX9SHFt6s4LhuTh7k=",
        "owner": "nixos",
        "repo": "nixpkgs",
        "rev": "a8167f3cc2f991dd4d0055746df53dae5fd0c953",
        "type": "github"
      },
      "original": {
        "owner": "nixos",
        "ref": "nixpkgs-25.05-darwin",
        "repo": "nixpkgs",
        "type": "github"
      }
    },
    "root": {
      "inputs": {
        "comma": "comma",
        "darwin": "darwin",
        "home-manager": "home-manager",
        "homebrew-bufbuild": "homebrew-bufbuild",
        "homebrew-bundle": "homebrew-bundle",
        "homebrew-cask": "homebrew-cask",
        "homebrew-cocroach": "homebrew-cocroach",
        "homebrew-core": "homebrew-core",
        "homebrew-hashicorp": "homebrew-hashicorp",
        "nix-homebrew": "nix-homebrew",
        "nix-vscode-extensions": "nix-vscode-extensions",
        "nixpkgs": "nixpkgs_2",
        "nixpkgs-unstable": "nixpkgs-unstable"
      }
    },
    "systems": {
      "locked": {
        "lastModified": 1681028828,
        "narHash": "sha256-Vy1rq5AaRuLzOxct8nz4T6wlgyUR7zLU309k9mBC768=",
        "owner": "nix-systems",
        "repo": "default",
        "rev": "da67096a3b9bf56a91d16901293e51ba5b49a27e",
        "type": "github"
      },
      "original": {
        "owner": "nix-systems",
        "repo": "default",
        "type": "github"
      }
    }
  },
  "root": "root",
  "version": 7
}
