{
  "nodes": {
    "brew-src": {
      "flake": false,
      "locked": {
        "lastModified": 1778427648,
        "narHash": "sha256-pt9KaDGsMyYWB9JeHs4XGHs870f1lOZe3vx9LpVIhUE=",
        "owner": "Homebrew",
        "repo": "brew",
        "rev": "6f293daa9f9f5832e13b497976335e90509886d7",
        "type": "github"
      },
      "original": {
        "owner": "Homebrew",
        "ref": "5.1.11",
        "repo": "brew",
        "type": "github"
      }
    },
    "comma": {
      "flake": false,
      "locked": {
        "lastModified": 1778522799,
        "narHash": "sha256-XZB0zx4wyNzy0LggAmh2gT2aEWAqVI9NljRoOkeK0c8=",
        "owner": "Shopify",
        "repo": "comma",
        "rev": "218175027871fc8f51735d3e5ab38f945e3a0e2f",
        "type": "github"
      },
      "original": {
        "owner": "Shopify",
        "repo": "comma",
        "type": "github"
      }
    },
    "darwin": {
      "inputs": {
        "nixpkgs": [
          "nixpkgs"
        ]
      },
      "locked": {
        "lastModified": 1769584835,
        "narHash": "sha256-I21RElVDKF8YhA24LMDzXqb4AmkreYfcIYo7SGU9Jek=",
        "owner": "lnl7",
        "repo": "nix-darwin",
        "rev": "d6c2f8abfb695d5eae734386257da7fb0ffa8fca",
        "type": "github"
      },
      "original": {
        "owner": "lnl7",
        "ref": "nix-darwin-25.05",
        "repo": "nix-darwin",
        "type": "github"
      }
    },
    "home-manager": {
      "inputs": {
        "nixpkgs": [
          "nixpkgs"
        ]
      },
      "locked": {
        "lastModified": 1763992789,
        "narHash": "sha256-WHkdBlw6oyxXIra/vQPYLtqY+3G8dUVZM8bEXk0t8x4=",
        "owner": "nix-community",
        "repo": "home-manager",
        "rev": "44831a7eaba4360fb81f2acc5ea6de5fde90aaa3",
        "type": "github"
      },
      "original": {
        "owner": "nix-community",
        "ref": "release-25.05",
        "repo": "home-manager",
        "type": "github"
      }
    },
    "homebrew-bufbuild": {
      "flake": false,
      "locked": {
        "lastModified": 1779737456,
        "narHash": "sha256-Hce0ok5I4zc22v+DCSRlY+sStigeZKTNnErgKZlBDCE=",
        "owner": "bufbuild",
        "repo": "homebrew-buf",
        "rev": "55e1474bea08b6aa8a958be4dba30cab7ade2b71",
        "type": "github"
      },
      "original": {
        "owner": "bufbuild",
        "repo": "homebrew-buf",
        "type": "github"
      }
    },
    "homebrew-bundle": {
      "flake": false,
      "locked": {
        "lastModified": 1745335228,
        "narHash": "sha256-TIKR2UgtyUmHLNZp255/vLs+1I10hXe+sciMEbAGFwE=",
        "owner": "homebrew",
        "repo": "homebrew-bundle",
        "rev": "a3265c84b232e13048ecbf6fc18a2eedfadbeb08",
        "type": "github"
      },
      "original": {
        "owner": "homebrew",
        "repo": "homebrew-bundle",
        "type": "github"
      }
    },
    "homebrew-cask": {
      "flake": false,
      "locked": {
        "lastModified": 1780049639,
        "narHash": "sha256-xAJwFr+5qNU2tOaGXYqm8LEkvIH3SV17lyHwgWs1d/g=",
        "owner": "homebrew",
        "repo": "homebrew-cask",
        "rev": "4eacd2a6e395744f0ff999105674db9bcdde4915",
        "type": "github"
      },
      "original": {
        "owner": "homebrew",
        "repo": "homebrew-cask",
        "type": "github"
      }
    },
    "homebrew-cocroach": {
      "flake": false,
      "locked": {
        "lastModified": 1779906082,
        "narHash": "sha256-uj1fkRldGkYczGTEtN4JxFvWrQiA/ATWzWgMykDcmBA=",
        "owner": "cockroachdb",
        "repo": "homebrew-tap",
        "rev": "0bf5b35ad215ff6c15fb19a6fb24649e2131e949",
        "type": "github"
      },
      "original": {
        "owner": "cockroachdb",
        "repo": "homebrew-tap",
        "type": "github"
      }
    },
    "homebrew-core": {
      "flake": false,
      "locked": {
        "lastModified": 1780050383,
        "narHash": "sha256-EG3k08zdKxQ2pZvIvW5vdQEl3C+LmELixJ+ffYIO/Vw=",
        "owner": "homebrew",
        "repo": "homebrew-core",
        "rev": "feaaa65022e6179b8ff2c937ca257524904821c3",
        "type": "github"
      },
      "original": {
        "owner": "homebrew",
        "repo": "homebrew-core",
        "type": "github"
      }
    },
    "homebrew-felixkratz": {
      "flake": false,
      "locked": {
        "lastModified": 1778761682,
        "narHash": "sha256-7yF1zmBtNk5oWdI+4SMbhAa6ZlxvW9jZoCMPUFt9ytU=",
        "owner": "FelixKratz",
        "repo": "homebrew-formulae",
        "rev": "c53e16d323fd427b3d348470dc99dc0bf0477514",
        "type": "github"
      },
      "original": {
        "owner": "FelixKratz",
        "repo": "homebrew-formulae",
        "type": "github"
      }
    },
    "homebrew-hashicorp": {
      "flake": false,
      "locked": {
        "lastModified": 1779898100,
        "narHash": "sha256-+HkGO7CdLMQhXrp0gvJrxqM/6/s6aku/B2WZYyh+oSI=",
        "owner": "hashicorp",
        "repo": "homebrew-tap",
        "rev": "3c3aed01bdaf9eeaf9e15965dee1e9ca95c593cb",
        "type": "github"
      },
      "original": {
        "owner": "hashicorp",
        "repo": "homebrew-tap",
        "type": "github"
      }
    },
    "homebrew-koekeishiya": {
      "flake": false,
      "locked": {
        "lastModified": 1778274556,
        "narHash": "sha256-ZT8PDRrrsHidlypL6oFw/A2LFmT06GZr0rT4ZxDOKbw=",
        "owner": "koekeishiya",
        "repo": "homebrew-formulae",
        "rev": "9c0021f8454e82c3af6ca8b0af4548589920e6ed",
        "type": "github"
      },
      "original": {
        "owner": "koekeishiya",
        "repo": "homebrew-formulae",
        "type": "github"
      }
    },
    "homebrew-pulumi": {
      "flake": false,
      "locked": {
        "lastModified": 1779992276,
        "narHash": "sha256-V9AOxXAwLOnIxwAsb3X45MvyHEU8WVNIHBqByDQR59A=",
        "owner": "pulumi",
        "repo": "homebrew-tap",
        "rev": "b2785b265e3c77f8bda2bcf17f40be6a8ef5b7a8",
        "type": "github"
      },
      "original": {
        "owner": "pulumi",
        "repo": "homebrew-tap",
        "type": "github"
      }
    },
    "nix-homebrew": {
      "inputs": {
        "brew-src": "brew-src"
      },
      "locked": {
        "lastModified": 1778851564,
        "narHash": "sha256-p8wzcnpB2Iys+QzAKM9/Eyw/pUyqCO3sw/NCnDH4dTE=",
        "owner": "zhaofengli",
        "repo": "nix-homebrew",
        "rev": "b3a87b4793205cc111f3c61e25e018ffac3b8039",
        "type": "github"
      },
      "original": {
        "owner": "zhaofengli",
        "repo": "nix-homebrew",
        "type": "github"
      }
    },
    "nix-vscode-extensions": {
      "inputs": {
        "nixpkgs": "nixpkgs"
      },
      "locked": {
        "lastModified": 1780027856,
        "narHash": "sha256-JeTVOF85bZBmRmesiSEolxshfymE8M7r1T9oJR2Ocqw=",
        "owner": "nix-community",
        "repo": "nix-vscode-extensions",
        "rev": "200fb9bd4b2dfee3314be5fef728af03a345f9a6",
        "type": "github"
      },
      "original": {
        "owner": "nix-community",
        "repo": "nix-vscode-extensions",
        "type": "github"
      }
    },
    "nixpkgs": {
      "locked": {
        "lastModified": 1777207419,
        "narHash": "sha256-V3bmPWAajDiC+1ClDOp55gianW2EyRJSJOyu1RUQibc=",
        "owner": "nixos",
        "repo": "nixpkgs",
        "rev": "a7ecea3deccfbdbf22945a89984fcc5a169da8aa",
        "type": "github"
      },
      "original": {
        "owner": "nixos",
        "repo": "nixpkgs",
        "rev": "a7ecea3deccfbdbf22945a89984fcc5a169da8aa",
        "type": "github"
      }
    },
    "nixpkgs-unstable": {
      "locked": {
        "lastModified": 1779877693,
        "narHash": "sha256-NOF9NAREhxr50bbBfVcVOq+ArCMSoe8dP79Pk2uyARk=",
        "owner": "NixOS",
        "repo": "nixpkgs",
        "rev": "4100e830e085863741bc69b156ec4ccd53ab5be0",
        "type": "github"
      },
      "original": {
        "owner": "NixOS",
        "ref": "nixpkgs-unstable",
        "repo": "nixpkgs",
        "type": "github"
      }
    },
    "nixpkgs_2": {
      "locked": {
        "lastModified": 1768649915,
        "narHash": "sha256-jc21hKogFnxU7KXSVTRmxC7u5D4RHwm9BAvDf5/Z1Uo=",
        "owner": "nixos",
        "repo": "nixpkgs",
        "rev": "3e3f3c7f9977dc123c23ee21e8085ed63daf8c37",
        "type": "github"
      },
      "original": {
        "owner": "nixos",
        "ref": "nixpkgs-25.05-darwin",
        "repo": "nixpkgs",
        "type": "github"
      }
    },
    "root": {
      "inputs": {
        "comma": "comma",
        "darwin": "darwin",
        "home-manager": "home-manager",
        "homebrew-bufbuild": "homebrew-bufbuild",
        "homebrew-bundle": "homebrew-bundle",
        "homebrew-cask": "homebrew-cask",
        "homebrew-cocroach": "homebrew-cocroach",
        "homebrew-core": "homebrew-core",
        "homebrew-felixkratz": "homebrew-felixkratz",
        "homebrew-hashicorp": "homebrew-hashicorp",
        "homebrew-koekeishiya": "homebrew-koekeishiya",
        "homebrew-pulumi": "homebrew-pulumi",
        "nix-homebrew": "nix-homebrew",
        "nix-vscode-extensions": "nix-vscode-extensions",
        "nixpkgs": "nixpkgs_2",
        "nixpkgs-unstable": "nixpkgs-unstable"
      }
    }
  },
  "root": "root",
  "version": 7
}
